<?xml version="1.0" encoding="utf-8"?>
<Project ToolsVersion="4.0" xmlns="http://schemas.microsoft.com/developer/msbuild/2003">
  <ItemGroup>
    <Filter Include="源文件">
      <UniqueIdentifier>{4FC737F1-C7A5-4376-A066-2A32D752A2FF}</UniqueIdentifier>
      <Extensions>cpp;c;cc;cxx;def;odl;idl;hpj;bat;asm;asmx</Extensions>
    </Filter>
    <Filter Include="头文件">
      <UniqueIdentifier>{93995380-89BD-4b04-88EB-625FBE52EBFB}</UniqueIdentifier>
      <Extensions>h;hh;hpp;hxx;hm;inl;inc;xsd</Extensions>
    </Filter>
    <Filter Include="资源文件">
      <UniqueIdentifier>{67DA6AB6-F800-4c08-8B7A-83BB121AAD01}</UniqueIdentifier>
      <Extensions>rc;ico;cur;bmp;dlg;rc2;rct;bin;rgs;gif;jpg;jpeg;jpe;resx;tiff;tif;png;wav;mfcribbon-ms</Extensions>
    </Filter>
    <Filter Include="头文件\base">
      <UniqueIdentifier>{cb254980-3cfc-4d30-8164-bad208cd45ec}</UniqueIdentifier>
    </Filter>
    <Filter Include="头文件\common_audio">
      <UniqueIdentifier>{633e5dad-b382-488b-a00c-2030614ce2b8}</UniqueIdentifier>
    </Filter>
    <Filter Include="头文件\modules">
      <UniqueIdentifier>{1eb73fb9-1bff-4288-9097-9f0c9d16196b}</UniqueIdentifier>
    </Filter>
    <Filter Include="头文件\system_wrappers">
      <UniqueIdentifier>{cb56bd8a-29d5-4bf7-a266-95a09d74344a}</UniqueIdentifier>
    </Filter>
    <Filter Include="源文件\base">
      <UniqueIdentifier>{a793892d-25fe-4afd-9a30-5e69b73227ac}</UniqueIdentifier>
    </Filter>
    <Filter Include="源文件\common_audio">
      <UniqueIdentifier>{6cef2fcc-53f7-4749-81a2-5f02ed88cafb}</UniqueIdentifier>
    </Filter>
    <Filter Include="源文件\modules">
      <UniqueIdentifier>{a4eb06c2-4610-4b87-9403-1e0e0d121c6c}</UniqueIdentifier>
    </Filter>
    <Filter Include="源文件\system_wrappers">
      <UniqueIdentifier>{12641003-4401-4ee8-9b8b-6fd364becc93}</UniqueIdentifier>
    </Filter>
    <Filter Include="头文件\common_audio\signal_processing">
      <UniqueIdentifier>{c053f1f1-4d07-41b6-b101-b8f15bd5cec2}</UniqueIdentifier>
    </Filter>
    <Filter Include="头文件\common_audio\include">
      <UniqueIdentifier>{c1ed0883-d3ab-44ae-afb9-59e9d1382b76}</UniqueIdentifier>
    </Filter>
    <Filter Include="源文件\common_audio\signal_processing">
      <UniqueIdentifier>{36476d64-4e1c-4e4e-b3f8-9a2927de1337}</UniqueIdentifier>
    </Filter>
    <Filter Include="头文件\common_audio\signal_processing\include">
      <UniqueIdentifier>{a9c79ab4-781f-40cb-b44d-62ae15e76de5}</UniqueIdentifier>
    </Filter>
    <Filter Include="头文件\modules\audio_processing">
      <UniqueIdentifier>{6baf0b6a-9416-491f-a598-5e7dfd7059c9}</UniqueIdentifier>
    </Filter>
    <Filter Include="源文件\modules\audio_processing">
      <UniqueIdentifier>{4846016d-e5ae-4ed3-b1ed-86a30e61afa1}</UniqueIdentifier>
    </Filter>
    <Filter Include="头文件\modules\audio_processing\aec">
      <UniqueIdentifier>{9eb2c7ef-32c7-4642-a1b3-492cb594fc1c}</UniqueIdentifier>
    </Filter>
    <Filter Include="头文件\modules\audio_processing\aecm">
      <UniqueIdentifier>{164d8223-5c99-488d-90a8-1f040b4b4170}</UniqueIdentifier>
    </Filter>
    <Filter Include="头文件\modules\audio_processing\agc">
      <UniqueIdentifier>{47aee0b4-9da9-42d6-975f-0c1f15eb8096}</UniqueIdentifier>
    </Filter>
    <Filter Include="头文件\modules\audio_processing\logging">
      <UniqueIdentifier>{0be7294e-2510-4c5a-b11b-eef0f327578e}</UniqueIdentifier>
    </Filter>
    <Filter Include="头文件\modules\audio_processing\ns">
      <UniqueIdentifier>{26b5537f-84d2-4a36-a09f-9773c81c6d82}</UniqueIdentifier>
    </Filter>
    <Filter Include="头文件\modules\audio_processing\utility">
      <UniqueIdentifier>{39c4220b-8c39-4bf2-8346-5dcb31a83447}</UniqueIdentifier>
    </Filter>
    <Filter Include="源文件\modules\audio_processing\aec">
      <UniqueIdentifier>{4aaa6045-f63a-41fb-9ca6-85968caebf36}</UniqueIdentifier>
    </Filter>
    <Filter Include="源文件\modules\audio_processing\aecm">
      <UniqueIdentifier>{a7008f70-4db2-4cea-931c-274cc765cf28}</UniqueIdentifier>
    </Filter>
    <Filter Include="源文件\modules\audio_processing\agc">
      <UniqueIdentifier>{92d0c0bb-4cf6-444a-9d63-0e8731f99292}</UniqueIdentifier>
    </Filter>
    <Filter Include="源文件\modules\audio_processing\logging">
      <UniqueIdentifier>{9642dfe6-4f51-4f8b-8423-696f59de63ee}</UniqueIdentifier>
    </Filter>
    <Filter Include="源文件\modules\audio_processing\ns">
      <UniqueIdentifier>{f4e542e5-3c7d-4576-aa00-584c8eb4a9da}</UniqueIdentifier>
    </Filter>
    <Filter Include="源文件\modules\audio_processing\utility">
      <UniqueIdentifier>{9d286a02-0805-4e32-8347-2234d58c9805}</UniqueIdentifier>
    </Filter>
    <Filter Include="头文件\modules\audio_processing\agc\legacy">
      <UniqueIdentifier>{a1c645ed-23ba-40d8-b360-43962b59f78f}</UniqueIdentifier>
    </Filter>
    <Filter Include="源文件\modules\audio_processing\agc\legacy">
      <UniqueIdentifier>{fa6adc8d-ffac-4be9-984f-5071c2120eb8}</UniqueIdentifier>
    </Filter>
    <Filter Include="头文件\system_wrappers\include">
      <UniqueIdentifier>{0dda5a6d-97f0-46a8-b840-c3185b90c61b}</UniqueIdentifier>
    </Filter>
    <Filter Include="源文件\system_wrappers\source">
      <UniqueIdentifier>{1aba8c94-6047-4421-8c4c-4e05852510f6}</UniqueIdentifier>
    </Filter>
    <Filter Include="源文件\common_audio\vad1">
      <UniqueIdentifier>{84fd4528-b1f8-4e5c-a04a-f94a864c004c}</UniqueIdentifier>
    </Filter>
  </ItemGroup>
  <ItemGroup>
    <Text Include="ReadMe.txt" />
  </ItemGroup>
  <ItemGroup>
    <ClInclude Include="..\webrtc\typedefs.h">
      <Filter>头文件</Filter>
    </ClInclude>
    <ClInclude Include="webrtc\base\array_view.h">
      <Filter>头文件\base</Filter>
    </ClInclude>
    <ClInclude Include="webrtc\base\atomicops.h">
      <Filter>头文件\base</Filter>
    </ClInclude>
    <ClInclude Include="webrtc\base\basictypes.h">
      <Filter>头文件\base</Filter>
    </ClInclude>
    <ClInclude Include="webrtc\base\checks.h">
      <Filter>头文件\base</Filter>
    </ClInclude>
    <ClInclude Include="webrtc\base\constructormagic.h">
      <Filter>头文件\base</Filter>
    </ClInclude>
    <ClInclude Include="webrtc\base\safe_compare.h">
      <Filter>头文件\base</Filter>
    </ClInclude>
    <ClInclude Include="webrtc\base\safe_conversions.h">
      <Filter>头文件\base</Filter>
    </ClInclude>
    <ClInclude Include="webrtc\base\safe_conversions_impl.h">
      <Filter>头文件\base</Filter>
    </ClInclude>
    <ClInclude Include="webrtc\base\sanitizer.h">
      <Filter>头文件\base</Filter>
    </ClInclude>
    <ClInclude Include="webrtc\base\stringutils.h">
      <Filter>头文件\base</Filter>
    </ClInclude>
    <ClInclude Include="webrtc\base\type_traits.h">
      <Filter>头文件\base</Filter>
    </ClInclude>
    <ClInclude Include="webrtc\common_audio\channel_buffer.h">
      <Filter>头文件\common_audio</Filter>
    </ClInclude>
    <ClInclude Include="webrtc\common_audio\fft4g.h">
      <Filter>头文件\common_audio</Filter>
    </ClInclude>
    <ClInclude Include="webrtc\common_audio\ring_buffer.h">
      <Filter>头文件\common_audio</Filter>
    </ClInclude>
    <ClInclude Include="webrtc\common_audio\sparse_fir_filter.h">
      <Filter>头文件\common_audio</Filter>
    </ClInclude>
    <ClInclude Include="webrtc\common_audio\wav_file.h">
      <Filter>头文件\common_audio</Filter>
    </ClInclude>
    <ClInclude Include="webrtc\common_audio\wav_header.h">
      <Filter>头文件\common_audio</Filter>
    </ClInclude>
    <ClInclude Include="webrtc\common_audio\include\audio_util.h">
      <Filter>头文件\common_audio\include</Filter>
    </ClInclude>
    <ClInclude Include="webrtc\common_audio\signal_processing\include\real_fft.h">
      <Filter>头文件\common_audio\signal_processing\include</Filter>
    </ClInclude>
    <ClInclude Include="webrtc\common_audio\signal_processing\include\signal_processing_library.h">
      <Filter>头文件\common_audio\signal_processing\include</Filter>
    </ClInclude>
    <ClInclude Include="webrtc\common_audio\signal_processing\include\spl_inl.h">
      <Filter>头文件\common_audio\signal_processing\include</Filter>
    </ClInclude>
    <ClInclude Include="webrtc\modules\audio_processing\aec\aec_common.h">
      <Filter>头文件\modules\audio_processing\aec</Filter>
    </ClInclude>
    <ClInclude Include="webrtc\modules\audio_processing\aec\aec_core.h">
      <Filter>头文件\modules\audio_processing\aec</Filter>
    </ClInclude>
    <ClInclude Include="webrtc\modules\audio_processing\aec\aec_core_optimized_methods.h">
      <Filter>头文件\modules\audio_processing\aec</Filter>
    </ClInclude>
    <ClInclude Include="webrtc\modules\audio_processing\aec\aec_resampler.h">
      <Filter>头文件\modules\audio_processing\aec</Filter>
    </ClInclude>
    <ClInclude Include="webrtc\modules\audio_processing\aecm\aecm_core.h">
      <Filter>头文件\modules\audio_processing\aecm</Filter>
    </ClInclude>
    <ClInclude Include="webrtc\modules\audio_processing\aecm\aecm_defines.h">
      <Filter>头文件\modules\audio_processing\aecm</Filter>
    </ClInclude>
    <ClInclude Include="webrtc\modules\audio_processing\aecm\echo_control_mobile.h">
      <Filter>头文件\modules\audio_processing\aecm</Filter>
    </ClInclude>
    <ClInclude Include="webrtc\modules\audio_processing\agc\legacy\analog_agc.h">
      <Filter>头文件\modules\audio_processing\agc\legacy</Filter>
    </ClInclude>
    <ClInclude Include="webrtc\modules\audio_processing\agc\legacy\digital_agc.h">
      <Filter>头文件\modules\audio_processing\agc\legacy</Filter>
    </ClInclude>
    <ClInclude Include="webrtc\modules\audio_processing\agc\legacy\gain_control.h">
      <Filter>头文件\modules\audio_processing\agc\legacy</Filter>
    </ClInclude>
    <ClInclude Include="webrtc\modules\audio_processing\logging\apm_data_dumper.h">
      <Filter>头文件\modules\audio_processing\logging</Filter>
    </ClInclude>
    <ClInclude Include="webrtc\modules\audio_processing\utility\block_mean_calculator.h">
      <Filter>头文件\modules\audio_processing\utility</Filter>
    </ClInclude>
    <ClInclude Include="webrtc\modules\audio_processing\utility\delay_estimator.h">
      <Filter>头文件\modules\audio_processing\utility</Filter>
    </ClInclude>
    <ClInclude Include="webrtc\modules\audio_processing\utility\delay_estimator_internal.h">
      <Filter>头文件\modules\audio_processing\utility</Filter>
    </ClInclude>
    <ClInclude Include="webrtc\modules\audio_processing\utility\delay_estimator_wrapper.h">
      <Filter>头文件\modules\audio_processing\utility</Filter>
    </ClInclude>
    <ClInclude Include="webrtc\modules\audio_processing\utility\ooura_fft.h">
      <Filter>头文件\modules\audio_processing\utility</Filter>
    </ClInclude>
    <ClInclude Include="webrtc\modules\audio_processing\utility\ooura_fft_tables_common.h">
      <Filter>头文件\modules\audio_processing\utility</Filter>
    </ClInclude>
    <ClInclude Include="webrtc\modules\audio_processing\utility\ooura_fft_tables_neon_sse2.h">
      <Filter>头文件\modules\audio_processing\utility</Filter>
    </ClInclude>
    <ClInclude Include="webrtc\modules\audio_processing\ns\defines.h">
      <Filter>头文件\modules\audio_processing\ns</Filter>
    </ClInclude>
    <ClInclude Include="webrtc\modules\audio_processing\ns\noise_suppression.h">
      <Filter>头文件\modules\audio_processing\ns</Filter>
    </ClInclude>
    <ClInclude Include="webrtc\modules\audio_processing\ns\noise_suppression_x.h">
      <Filter>头文件\modules\audio_processing\ns</Filter>
    </ClInclude>
    <ClInclude Include="webrtc\modules\audio_processing\ns\ns_core.h">
      <Filter>头文件\modules\audio_processing\ns</Filter>
    </ClInclude>
    <ClInclude Include="webrtc\modules\audio_processing\ns\nsx_core.h">
      <Filter>头文件\modules\audio_processing\ns</Filter>
    </ClInclude>
    <ClInclude Include="webrtc\modules\audio_processing\ns\nsx_defines.h">
      <Filter>头文件\modules\audio_processing\ns</Filter>
    </ClInclude>
    <ClInclude Include="webrtc\modules\audio_processing\ns\windows_private.h">
      <Filter>头文件\modules\audio_processing\ns</Filter>
    </ClInclude>
    <ClInclude Include="webrtc\modules\audio_processing\splitting_filter.h">
      <Filter>头文件\modules\audio_processing</Filter>
    </ClInclude>
    <ClInclude Include="webrtc\modules\audio_processing\three_band_filter_bank.h">
      <Filter>头文件\modules\audio_processing</Filter>
    </ClInclude>
    <ClInclude Include="webrtc\system_wrappers\include\asm_defines.h">
      <Filter>头文件\system_wrappers\include</Filter>
    </ClInclude>
    <ClInclude Include="webrtc\system_wrappers\include\compile_assert_c.h">
      <Filter>头文件\system_wrappers\include</Filter>
    </ClInclude>
    <ClInclude Include="webrtc\system_wrappers\include\cpu_features_wrapper.h">
      <Filter>头文件\system_wrappers\include</Filter>
    </ClInclude>
    <ClInclude Include="webrtc\common_audio\signal_processing\complex_fft_tables.h">
      <Filter>头文件\common_audio\signal_processing</Filter>
    </ClInclude>
    <ClInclude Include="webrtc\common_audio\signal_processing\resample_by_2_internal.h">
      <Filter>头文件\common_audio\signal_processing</Filter>
    </ClInclude>
    <ClInclude Include="webrtc\modules\audio_processing\aec\echo_cancellation.h">
      <Filter>头文件\modules\audio_processing</Filter>
    </ClInclude>
    <ClInclude Include="resource.h">
      <Filter>头文件</Filter>
    </ClInclude>
    <ClInclude Include="webrtc\common_audio\vad\include\vad.h">
      <Filter>头文件</Filter>
    </ClInclude>
    <ClInclude Include="webrtc\common_audio\vad\include\webrtc_vad.h">
      <Filter>头文件</Filter>
    </ClInclude>
    <ClInclude Include="webrtc\common_audio\vad\mock\mock_vad.h">
      <Filter>头文件</Filter>
    </ClInclude>
    <ClInclude Include="webrtc\common_audio\vad\vad_core.h">
      <Filter>头文件</Filter>
    </ClInclude>
    <ClInclude Include="webrtc\common_audio\vad\vad_filterbank.h">
      <Filter>头文件</Filter>
    </ClInclude>
    <ClInclude Include="webrtc\common_audio\vad\vad_gmm.h">
      <Filter>头文件</Filter>
    </ClInclude>
    <ClInclude Include="webrtc\common_audio\vad\vad_sp.h">
      <Filter>头文件</Filter>
    </ClInclude>
    <ClInclude Include="gsl-master\gsl\gsl_errno.h">
      <Filter>头文件</Filter>
    </ClInclude>
    <ClInclude Include="gsl-master\gsl\gsl_inline.h">
      <Filter>头文件</Filter>
    </ClInclude>
    <ClInclude Include="gsl-master\gsl\gsl_machine.h">
      <Filter>头文件</Filter>
    </ClInclude>
    <ClInclude Include="gsl-master\gsl\gsl_math.h">
      <Filter>头文件</Filter>
    </ClInclude>
    <ClInclude Include="gsl-master\gsl\gsl_message.h">
      <Filter>头文件</Filter>
    </ClInclude>
    <ClInclude Include="gsl-master\gsl\gsl_minmax.h">
      <Filter>头文件</Filter>
    </ClInclude>
    <ClInclude Include="gsl-master\gsl\gsl_nan.h">
      <Filter>头文件</Filter>
    </ClInclude>
    <ClInclude Include="gsl-master\gsl\gsl_pow_int.h">
      <Filter>头文件</Filter>
    </ClInclude>
    <ClInclude Include="gsl-master\gsl\gsl_precision.h">
      <Filter>头文件</Filter>
    </ClInclude>
    <ClInclude Include="gsl-master\gsl\gsl_sf_erf.h">
      <Filter>头文件</Filter>
    </ClInclude>
    <ClInclude Include="gsl-master\gsl\gsl_sf_exp.h">
      <Filter>头文件</Filter>
    </ClInclude>
    <ClInclude Include="gsl-master\gsl\gsl_sf_expint.h">
      <Filter>头文件</Filter>
    </ClInclude>
    <ClInclude Include="gsl-master\gsl\gsl_sf_result.h">
      <Filter>头文件</Filter>
    </ClInclude>
    <ClInclude Include="gsl-master\gsl\gsl_sys.h">
      <Filter>头文件</Filter>
    </ClInclude>
    <ClInclude Include="gsl-master\gsl\gsl_types.h">
      <Filter>头文件</Filter>
    </ClInclude>
    <ClInclude Include="gsl-master\specfunc\chebyshev.h">
      <Filter>头文件</Filter>
    </ClInclude>
    <ClInclude Include="gsl-master\specfunc\check.h">
      <Filter>头文件</Filter>
    </ClInclude>
    <ClInclude Include="gsl-master\specfunc\error.h">
      <Filter>头文件</Filter>
    </ClInclude>
    <ClInclude Include="gsl-master\specfunc\eval.h">
      <Filter>头文件</Filter>
    </ClInclude>
    <ClInclude Include="gsl-master\config.h">
      <Filter>头文件</Filter>
    </ClInclude>
  </ItemGroup>
  <ItemGroup>
    <ClCompile Include="webrtc\base\checks.cc">
      <Filter>源文件\base</Filter>
    </ClCompile>
    <ClCompile Include="webrtc\base\stringutils.cc">
      <Filter>源文件\base</Filter>
    </ClCompile>
    <ClCompile Include="webrtc\common_audio\signal_processing\auto_corr_to_refl_coef.c">
      <Filter>源文件\common_audio\signal_processing</Filter>
    </ClCompile>
    <ClCompile Include="webrtc\common_audio\signal_processing\auto_correlation.c">
      <Filter>源文件\common_audio\signal_processing</Filter>
    </ClCompile>
    <ClCompile Include="webrtc\common_audio\signal_processing\complex_bit_reverse.c">
      <Filter>源文件\common_audio\signal_processing</Filter>
    </ClCompile>
    <ClCompile Include="webrtc\common_audio\signal_processing\complex_fft.c">
      <Filter>源文件\common_audio\signal_processing</Filter>
    </ClCompile>
    <ClCompile Include="webrtc\common_audio\signal_processing\copy_set_operations.c">
      <Filter>源文件\common_audio\signal_processing</Filter>
    </ClCompile>
    <ClCompile Include="webrtc\common_audio\signal_processing\cross_correlation.c">
      <Filter>源文件\common_audio\signal_processing</Filter>
    </ClCompile>
    <ClCompile Include="webrtc\common_audio\signal_processing\cross_correlation_neon.c">
      <Filter>源文件\common_audio\signal_processing</Filter>
    </ClCompile>
    <ClCompile Include="webrtc\common_audio\signal_processing\division_operations.c">
      <Filter>源文件\common_audio\signal_processing</Filter>
    </ClCompile>
    <ClCompile Include="webrtc\common_audio\signal_processing\dot_product_with_scale.c">
      <Filter>源文件\common_audio\signal_processing</Filter>
    </ClCompile>
    <ClCompile Include="webrtc\common_audio\signal_processing\downsample_fast.c">
      <Filter>源文件\common_audio\signal_processing</Filter>
    </ClCompile>
    <ClCompile Include="webrtc\common_audio\signal_processing\downsample_fast_neon.c">
      <Filter>源文件\common_audio\signal_processing</Filter>
    </ClCompile>
    <ClCompile Include="webrtc\common_audio\signal_processing\energy.c">
      <Filter>源文件\common_audio\signal_processing</Filter>
    </ClCompile>
    <ClCompile Include="webrtc\common_audio\signal_processing\filter_ar.c">
      <Filter>源文件\common_audio\signal_processing</Filter>
    </ClCompile>
    <ClCompile Include="webrtc\common_audio\signal_processing\filter_ar_fast_q12.c">
      <Filter>源文件\common_audio\signal_processing</Filter>
    </ClCompile>
    <ClCompile Include="webrtc\common_audio\signal_processing\filter_ma_fast_q12.c">
      <Filter>源文件\common_audio\signal_processing</Filter>
    </ClCompile>
    <ClCompile Include="webrtc\common_audio\signal_processing\get_hanning_window.c">
      <Filter>源文件\common_audio\signal_processing</Filter>
    </ClCompile>
    <ClCompile Include="webrtc\common_audio\signal_processing\get_scaling_square.c">
      <Filter>源文件\common_audio\signal_processing</Filter>
    </ClCompile>
    <ClCompile Include="webrtc\common_audio\signal_processing\ilbc_specific_functions.c">
      <Filter>源文件\common_audio\signal_processing</Filter>
    </ClCompile>
    <ClCompile Include="webrtc\common_audio\signal_processing\levinson_durbin.c">
      <Filter>源文件\common_audio\signal_processing</Filter>
    </ClCompile>
    <ClCompile Include="webrtc\common_audio\signal_processing\lpc_to_refl_coef.c">
      <Filter>源文件\common_audio\signal_processing</Filter>
    </ClCompile>
    <ClCompile Include="webrtc\common_audio\signal_processing\min_max_operations.c">
      <Filter>源文件\common_audio\signal_processing</Filter>
    </ClCompile>
    <ClCompile Include="webrtc\common_audio\signal_processing\min_max_operations_neon.c">
      <Filter>源文件\common_audio\signal_processing</Filter>
    </ClCompile>
    <ClCompile Include="webrtc\common_audio\signal_processing\randomization_functions.c">
      <Filter>源文件\common_audio\signal_processing</Filter>
    </ClCompile>
    <ClCompile Include="webrtc\common_audio\signal_processing\real_fft.c">
      <Filter>源文件\common_audio\signal_processing</Filter>
    </ClCompile>
    <ClCompile Include="webrtc\common_audio\signal_processing\refl_coef_to_lpc.c">
      <Filter>源文件\common_audio\signal_processing</Filter>
    </ClCompile>
    <ClCompile Include="webrtc\common_audio\signal_processing\resample.c">
      <Filter>源文件\common_audio\signal_processing</Filter>
    </ClCompile>
    <ClCompile Include="webrtc\common_audio\signal_processing\resample_48khz.c">
      <Filter>源文件\common_audio\signal_processing</Filter>
    </ClCompile>
    <ClCompile Include="webrtc\common_audio\signal_processing\resample_by_2.c">
      <Filter>源文件\common_audio\signal_processing</Filter>
    </ClCompile>
    <ClCompile Include="webrtc\common_audio\signal_processing\resample_by_2_internal.c">
      <Filter>源文件\common_audio\signal_processing</Filter>
    </ClCompile>
    <ClCompile Include="webrtc\common_audio\signal_processing\resample_fractional.c">
      <Filter>源文件\common_audio\signal_processing</Filter>
    </ClCompile>
    <ClCompile Include="webrtc\common_audio\signal_processing\spl_init.c">
      <Filter>源文件\common_audio\signal_processing</Filter>
    </ClCompile>
    <ClCompile Include="webrtc\common_audio\signal_processing\spl_inl.c">
      <Filter>源文件\common_audio\signal_processing</Filter>
    </ClCompile>
    <ClCompile Include="webrtc\common_audio\signal_processing\spl_sqrt.c">
      <Filter>源文件\common_audio\signal_processing</Filter>
    </ClCompile>
    <ClCompile Include="webrtc\common_audio\signal_processing\spl_sqrt_floor.c">
      <Filter>源文件\common_audio\signal_processing</Filter>
    </ClCompile>
    <ClCompile Include="webrtc\common_audio\signal_processing\splitting_filter_impl.c">
      <Filter>源文件\common_audio\signal_processing</Filter>
    </ClCompile>
    <ClCompile Include="webrtc\common_audio\signal_processing\sqrt_of_one_minus_x_squared.c">
      <Filter>源文件\common_audio\signal_processing</Filter>
    </ClCompile>
    <ClCompile Include="webrtc\common_audio\signal_processing\vector_scaling_operations.c">
      <Filter>源文件\common_audio\signal_processing</Filter>
    </ClCompile>
    <ClCompile Include="webrtc\common_audio\audio_util.cc">
      <Filter>源文件\common_audio</Filter>
    </ClCompile>
    <ClCompile Include="webrtc\common_audio\channel_buffer.cc">
      <Filter>源文件\common_audio</Filter>
    </ClCompile>
    <ClCompile Include="webrtc\common_audio\fft4g.c">
      <Filter>源文件\common_audio</Filter>
    </ClCompile>
    <ClCompile Include="webrtc\common_audio\ring_buffer.c">
      <Filter>源文件\common_audio</Filter>
    </ClCompile>
    <ClCompile Include="webrtc\common_audio\sparse_fir_filter.cc">
      <Filter>源文件\common_audio</Filter>
    </ClCompile>
    <ClCompile Include="webrtc\common_audio\wav_file.cc">
      <Filter>源文件\common_audio</Filter>
    </ClCompile>
    <ClCompile Include="webrtc\common_audio\wav_header.cc">
      <Filter>源文件\common_audio</Filter>
    </ClCompile>
    <ClCompile Include="webrtc\modules\audio_processing\aec\aec_core.cc">
      <Filter>源文件\modules\audio_processing\aec</Filter>
    </ClCompile>
    <ClCompile Include="webrtc\modules\audio_processing\aec\aec_core_neon.cc">
      <Filter>源文件\modules\audio_processing\aec</Filter>
    </ClCompile>
    <ClCompile Include="webrtc\modules\audio_processing\aec\aec_core_sse2.cc">
      <Filter>源文件\modules\audio_processing\aec</Filter>
    </ClCompile>
    <ClCompile Include="webrtc\modules\audio_processing\aec\aec_resampler.cc">
      <Filter>源文件\modules\audio_processing\aec</Filter>
    </ClCompile>
    <ClCompile Include="webrtc\modules\audio_processing\aec\echo_cancellation.cc">
      <Filter>源文件\modules\audio_processing\aec</Filter>
    </ClCompile>
    <ClCompile Include="webrtc\modules\audio_processing\aecm\aecm_core.cc">
      <Filter>源文件\modules\audio_processing\aecm</Filter>
    </ClCompile>
    <ClCompile Include="webrtc\modules\audio_processing\aecm\aecm_core_c.cc">
      <Filter>源文件\modules\audio_processing\aecm</Filter>
    </ClCompile>
    <ClCompile Include="webrtc\modules\audio_processing\aecm\aecm_core_neon.cc">
      <Filter>源文件\modules\audio_processing\aecm</Filter>
    </ClCompile>
    <ClCompile Include="webrtc\modules\audio_processing\aecm\echo_control_mobile.cc">
      <Filter>源文件\modules\audio_processing\aecm</Filter>
    </ClCompile>
    <ClCompile Include="webrtc\modules\audio_processing\agc\legacy\analog_agc.c">
      <Filter>源文件\modules\audio_processing\agc\legacy</Filter>
    </ClCompile>
    <ClCompile Include="webrtc\modules\audio_processing\agc\legacy\digital_agc.c">
      <Filter>源文件\modules\audio_processing\agc\legacy</Filter>
    </ClCompile>
    <ClCompile Include="webrtc\modules\audio_processing\logging\apm_data_dumper.cc">
      <Filter>源文件\modules\audio_processing\logging</Filter>
    </ClCompile>
    <ClCompile Include="webrtc\modules\audio_processing\utility\block_mean_calculator.cc">
      <Filter>源文件\modules\audio_processing\utility</Filter>
    </ClCompile>
    <ClCompile Include="webrtc\modules\audio_processing\utility\delay_estimator.cc">
      <Filter>源文件\modules\audio_processing\utility</Filter>
    </ClCompile>
    <ClCompile Include="webrtc\modules\audio_processing\utility\delay_estimator_wrapper.cc">
      <Filter>源文件\modules\audio_processing\utility</Filter>
    </ClCompile>
    <ClCompile Include="webrtc\modules\audio_processing\utility\ooura_fft.cc">
      <Filter>源文件\modules\audio_processing\utility</Filter>
    </ClCompile>
    <ClCompile Include="webrtc\modules\audio_processing\utility\ooura_fft_neon.cc">
      <Filter>源文件\modules\audio_processing\utility</Filter>
    </ClCompile>
    <ClCompile Include="webrtc\modules\audio_processing\utility\ooura_fft_sse2.cc">
      <Filter>源文件\modules\audio_processing\utility</Filter>
    </ClCompile>
    <ClCompile Include="webrtc\modules\audio_processing\ns\noise_suppression.c">
      <Filter>源文件\modules\audio_processing\ns</Filter>
    </ClCompile>
    <ClCompile Include="webrtc\modules\audio_processing\ns\noise_suppression_x.c">
      <Filter>源文件\modules\audio_processing\ns</Filter>
    </ClCompile>
    <ClCompile Include="webrtc\modules\audio_processing\ns\ns_core.c">
      <Filter>源文件\modules\audio_processing\ns</Filter>
    </ClCompile>
    <ClCompile Include="webrtc\modules\audio_processing\ns\nsx_core.c">
      <Filter>源文件\modules\audio_processing\ns</Filter>
    </ClCompile>
    <ClCompile Include="webrtc\modules\audio_processing\ns\nsx_core_c.c">
      <Filter>源文件\modules\audio_processing\ns</Filter>
    </ClCompile>
    <ClCompile Include="webrtc\modules\audio_processing\ns\nsx_core_neon.c">
      <Filter>源文件\modules\audio_processing\ns</Filter>
    </ClCompile>
    <ClCompile Include="webrtc\modules\audio_processing\splitting_filter.cc">
      <Filter>源文件\modules\audio_processing</Filter>
    </ClCompile>
    <ClCompile Include="webrtc\modules\audio_processing\three_band_filter_bank.cc">
      <Filter>源文件\modules\audio_processing</Filter>
    </ClCompile>
    <ClCompile Include="webrtc\system_wrappers\source\cpu_features.cc">
      <Filter>源文件\system_wrappers\source</Filter>
    </ClCompile>
    <ClCompile Include="webrtc\modules\audio_processing\aec\mdf.c">
      <Filter>源文件\modules\audio_processing\aec</Filter>
    </ClCompile>
    <ClCompile Include="webrtc\modules\audio_processing\aec\fftwrap.c">
      <Filter>源文件\modules\audio_processing\aec</Filter>
    </ClCompile>
    <ClCompile Include="webrtc\modules\audio_processing\aec\smallft.c">
      <Filter>源文件\modules\audio_processing\aec</Filter>
    </ClCompile>
    <ClCompile Include="webrtc\modules\audio_processing\aec\preprocess.c">
      <Filter>源文件\modules\audio_processing\aec</Filter>
    </ClCompile>
    <ClCompile Include="webrtc\modules\audio_processing\aec\filterbank.c">
      <Filter>源文件\modules\audio_processing\aec</Filter>
    </ClCompile>
    <ClCompile Include="webrtc\common_audio\vad\vad.cc">
      <Filter>源文件</Filter>
    </ClCompile>
    <ClCompile Include="webrtc\common_audio\vad\vad_core.c">
      <Filter>源文件</Filter>
    </ClCompile>
    <ClCompile Include="webrtc\common_audio\vad\vad_filterbank.c">
      <Filter>源文件</Filter>
    </ClCompile>
    <ClCompile Include="webrtc\common_audio\vad\vad_gmm.c">
      <Filter>源文件</Filter>
    </ClCompile>
    <ClCompile Include="webrtc\common_audio\vad\vad_sp.c">
      <Filter>源文件</Filter>
    </ClCompile>
    <ClCompile Include="webrtc\common_audio\vad\webrtc_vad.c">
      <Filter>源文件</Filter>
    </ClCompile>
    <ClCompile Include="gsl-master\err\error.c">
      <Filter>源文件</Filter>
    </ClCompile>
    <ClCompile Include="gsl-master\err\message.c">
      <Filter>源文件</Filter>
    </ClCompile>
    <ClCompile Include="gsl-master\err\stream.c">
      <Filter>源文件</Filter>
    </ClCompile>
    <ClCompile Include="gsl-master\err\strerror.c">
      <Filter>源文件</Filter>
    </ClCompile>
    <ClCompile Include="gsl-master\specfunc\cheb_eval.c">
      <Filter>源文件</Filter>
    </ClCompile>
    <ClCompile Include="gsl-master\specfunc\expint.c">
      <Filter>源文件</Filter>
    </ClCompile>
  </ItemGroup>
  <ItemGroup>
    <None Include="webrtc\common_audio\signal_processing\complex_bit_reverse_arm.S">
      <Filter>源文件\common_audio\signal_processing</Filter>
    </None>
    <None Include="webrtc\common_audio\signal_processing\filter_ar_fast_q12_armv7.S">
      <Filter>源文件\common_audio\signal_processing</Filter>
    </None>
    <None Include="webrtc\common_audio\signal_processing\spl_sqrt_floor_arm.S">
      <Filter>源文件\common_audio\signal_processing</Filter>
    </None>
  </ItemGroup>
  <ItemGroup>
    <ResourceCompile Include="Webrtc_DSP.rc">
      <Filter>资源文件</Filter>
    </ResourceCompile>
  </ItemGroup>
</Project>